// !$*UTF8*$!
{
	archiveVersion = 1;
	classes = {
	};
	objectVersion = 50;
	objects = {

/* Begin PBXBuildFile section */
		52552AD126FA9B840003752A /* AppDelegate.swift in Sources */ = {isa = PBXBuildFile; fileRef = 52552AD026FA9B840003752A /* AppDelegate.swift */; };
		52552AD326FA9B840003752A /* SceneDelegate.swift in Sources */ = {isa = PBXBuildFile; fileRef = 52552AD226FA9B840003752A /* SceneDelegate.swift */; };
		52552AD526FA9B840003752A /* LaunchScreenViewController.swift in Sources */ = {isa = PBXBuildFile; fileRef = 52552AD426FA9B840003752A /* LaunchScreenViewController.swift */; };
		52552AD826FA9B840003752A /* Main.storyboard in Resources */ = {isa = PBXBuildFile; fileRef = 52552AD626FA9B840003752A /* Main.storyboard */; };
		52552ADA26FA9B870003752A /* Assets.xcassets in Resources */ = {isa = PBXBuildFile; fileRef = 52552AD926FA9B870003752A /* Assets.xcassets */; };
		52552ADD26FA9B870003752A /* LaunchScreen.storyboard in Resources */ = {isa = PBXBuildFile; fileRef = 52552ADB26FA9B870003752A /* LaunchScreen.storyboard */; };
		52552AE526FA9BB90003752A /* HomeViewController.swift in Sources */ = {isa = PBXBuildFile; fileRef = 52552AE426FA9BB90003752A /* HomeViewController.swift */; };
		52552AE726FBFBEE0003752A /* ExtensionLaunchScreenViewController.swift in Sources */ = {isa = PBXBuildFile; fileRef = 52552AE626FBFBEE0003752A /* ExtensionLaunchScreenViewController.swift */; };
/* End PBXBuildFile section */

/* Begin PBXFileReference section */
		52552ACD26FA9B840003752A /* LeezitLaunchScreen.app */ = {isa = PBXFileReference; explicitFileType = wrapper.application; includeInIndex = 0; path = LeezitLaunchScreen.app; sourceTree = BUILT_PRODUCTS_DIR; };
		52552AD026FA9B840003752A /* AppDelegate.swift */ = {isa = PBXFileReference; lastKnownFileType = sourcecode.swift; path = AppDelegate.swift; sourceTree = "<group>"; };
		52552AD226FA9B840003752A /* SceneDelegate.swift */ = {isa = PBXFileReference; lastKnownFileType = sourcecode.swift; path = SceneDelegate.swift; sourceTree = "<group>"; };
		52552AD426FA9B840003752A /* LaunchScreenViewController.swift */ = {isa = PBXFileReference; lastKnownFileType = sourcecode.swift; path = LaunchScreenViewController.swift; sourceTree = "<group>"; };
		52552AD726FA9B840003752A /* Base */ = {isa = PBXFileReference; lastKnownFileType = file.storyboard; name = Base; path = Base.lproj/Main.storyboard; sourceTree = "<group>"; };
		52552AD926FA9B870003752A /* Assets.xcassets */ = {isa = PBXFileReference; lastKnownFileType = folder.assetcatalog; path = Assets.xcassets; sourceTree = "<group>"; };
		52552ADC26FA9B870003752A /* Base */ = {isa = PBXFileReference; lastKnownFileType = file.storyboard; name = Base; path = Base.lproj/LaunchScreen.storyboard; sourceTree = "<group>"; };
		52552ADE26FA9B870003752A /* Info.plist */ = {isa = PBXFileReference; lastKnownFileType = text.plist.xml; path = Info.plist; sourceTree = "<group>"; };
		52552AE426FA9BB90003752A /* HomeViewController.swift */ = {isa = PBXFileReference; lastKnownFileType = sourcecode.swift; path = HomeViewController.swift; sourceTree = "<group>"; };
		52552AE626FBFBEE0003752A /* ExtensionLaunchScreenViewController.swift */ = {isa = PBXFileReference; lastKnownFileType = sourcecode.swift; path = ExtensionLaunchScreenViewController.swift; sourceTree = "<group>"; };
/* End PBXFileReference section */

/* Begin PBXFrameworksBuildPhase section */
		52552ACA26FA9B840003752A /* Frameworks */ = {
			isa = PBXFrameworksBuildPhase;
			buildActionMask = 2147483647;
			files = (
			);
			runOnlyForDeploymentPostprocessing = 0;
		};
/* End PBXFrameworksBuildPhase section */

/* Begin PBXGroup section */
		52552AC426FA9B840003752A = {
			isa = PBXGroup;
			children = (
				52552ACF26FA9B840003752A /* LeezitLaunchScreen */,
				52552ACE26FA9B840003752A /* Products */,
			);
			sourceTree = "<group>";
		};
		52552ACE26FA9B840003752A /* Products */ = {
			isa = PBXGroup;
			children = (
				52552ACD26FA9B840003752A /* LeezitLaunchScreen.app */,
			);
			name = Products;
			sourceTree = "<group>";
		};
		52552ACF26FA9B840003752A /* LeezitLaunchScreen */ = {
			isa = PBXGroup;
			children = (
				52552AE926FBFE580003752A /* Controller(s) */,
				52552AEA26FBFE7A0003752A /* View */,
				52552AE826FBFE2C0003752A /* Extensions */,
				52552AD026FA9B840003752A /* AppDelegate.swift */,
				52552AD226FA9B840003752A /* SceneDelegate.swift */,
				52552AD926FA9B870003752A /* Assets.xcassets */,
				52552ADE26FA9B870003752A /* Info.plist */,
			);
			path = LeezitLaunchScreen;
			sourceTree = "<group>";
		};
		52552AE826FBFE2C0003752A /* Extensions */ = {
			isa = PBXGroup;
			children = (
				52552AE626FBFBEE0003752A /* ExtensionLaunchScreenViewController.swift */,
			);
			path = Extensions;
			sourceTree = "<group>";
		};
		52552AE926FBFE580003752A /* Controller(s) */ = {
			isa = PBXGroup;
			children = (
				52552AD426FA9B840003752A /* LaunchScreenViewController.swift */,
				52552AE426FA9BB90003752A /* HomeViewController.swift */,
			);
			path = "Controller(s)";
			sourceTree = "<group>";
		};
		52552AEA26FBFE7A0003752A /* View */ = {
			isa = PBXGroup;
			children = (
				52552AD626FA9B840003752A /* Main.storyboard */,
				52552ADB26FA9B870003752A /* LaunchScreen.storyboard */,
			);
			path = View;
			sourceTree = "<group>";
		};
/* End PBXGroup section */

/* Begin PBXNativeTarget section */
		52552ACC26FA9B840003752A /* LeezitLaunchScreen */ = {
			isa = PBXNativeTarget;
			buildConfigurationList = 52552AE126FA9B870003752A /* Build configuration list for PBXNativeTarget "LeezitLaunchScreen" */;
			buildPhases = (
				52552AC926FA9B840003752A /* Sources */,
				52552ACA26FA9B840003752A /* Frameworks */,
				52552ACB26FA9B840003752A /* Resources */,
			);
			buildRules = (
			);
			dependencies = (
			);
			name = LeezitLaunchScreen;
			productName = LeezitLaunchScreen;
			productReference = 52552ACD26FA9B840003752A /* LeezitLaunchScreen.app */;
			productType = "com.apple.product-type.application";
		};
/* End PBXNativeTarget section */

/* Begin PBXProject section */
		52552AC526FA9B840003752A /* Project object */ = {
			isa = PBXProject;
			attributes = {
				LastSwiftUpdateCheck = 1250;
				LastUpgradeCheck = 1250;
				TargetAttributes = {
					52552ACC26FA9B840003752A = {
						CreatedOnToolsVersion = 12.5.1;
					};
				};
			};
			buildConfigurationList = 52552AC826FA9B840003752A /* Build configuration list for PBXProject "LeezitLaunchScreen" */;
			compatibilityVersion = "Xcode 9.3";
			developmentRegion = en;
			hasScannedForEncodings = 0;
			knownRegions = (
				en,
				Base,
			);
			mainGroup = 52552AC426FA9B840003752A;
			productRefGroup = 52552ACE26FA9B840003752A /* Products */;
			projectDirPath = "";
			projectRoot = "";
			targets = (
				52552ACC26FA9B840003752A /* LeezitLaunchScreen */,
			);
		};
/* End PBXProject section */

/* Begin PBXResourcesBuildPhase section */
		52552ACB26FA9B840003752A /* Resources */ = {
			isa = PBXResourcesBuildPhase;
			buildActionMask = 2147483647;
			files = (
				52552ADD26FA9B870003752A /* LaunchScreen.storyboard in Resources */,
				52552ADA26FA9B870003752A /* Assets.xcassets in Resources */,
				52552AD826FA9B840003752A /* Main.storyboard in Resources */,
			);
			runOnlyForDeploymentPostprocessing = 0;
		};
/* End PBXResourcesBuildPhase section */

/* Begin PBXSourcesBuildPhase section */
		52552AC926FA9B840003752A /* Sources */ = {
			isa = PBXSourcesBuildPhase;
			buildActionMask = 2147483647;
			files = (
				52552AD526FA9B840003752A /* LaunchScreenViewController.swift in Sources */,
				52552AE726FBFBEE0003752A /* ExtensionLaunchScreenViewController.swift in Sources */,
				52552AD126FA9B840003752A /* AppDelegate.swift in Sources */,
				52552AD326FA9B840003752A /* SceneDelegate.swift in Sources */,
				52552AE526FA9BB90003752A /* HomeViewController.swift in Sources */,
			);
			runOnlyForDeploymentPostprocessing = 0;
		};
/* End PBXSourcesBuildPhase section */

/* Begin PBXVariantGroup section */
		52552AD626FA9B840003752A /* Main.storyboard */ = {
			isa = PBXVariantGroup;
			children = (
				52552AD726FA9B840003752A /* Base */,
			);
			name = Main.storyboard;
			sourceTree = "<group>";
		};
		52552ADB26FA9B870003752A /* LaunchScreen.storyboard */ = {
			isa = PBXVariantGroup;
			children = (
				52552ADC26FA9B870003752A /* Base */,
			);
			name = LaunchScreen.storyboard;
			sourceTree = "<group>";
		};
/* End PBXVariantGroup section */

/* Begin XCBuildConfiguration section */
		52552ADF26FA9B870003752A /* Debug */ = {
			isa = XCBuildConfiguration;
			buildSettings = {
				ALWAYS_SEARCH_USER_PATHS = NO;
				CLANG_ANALYZER_NONNULL = YES;
				CLANG_ANALYZER_NUMBER_OBJECT_CONVERSION = YES_AGGRESSIVE;
				CLANG_CXX_LANGUAGE_STANDARD = "gnu++14";
				CLANG_CXX_LIBRARY = "libc++";
				CLANG_ENABLE_MODULES = YES;
				CLANG_ENABLE_OBJC_ARC = YES;
				CLANG_ENABLE_OBJC_WEAK = YES;
				CLANG_WARN_BLOCK_CAPTURE_AUTORELEASING = YES;
				CLANG_WARN_BOOL_CONVERSION = YES;
				CLANG_WARN_COMMA = YES;
				CLANG_WARN_CONSTANT_CONVERSION = YES;
				CLANG_WARN_DEPRECATED_OBJC_IMPLEMENTATIONS = YES;
				CLANG_WARN_DIRECT_OBJC_ISA_USAGE = YES_ERROR;
				CLANG_WARN_DOCUMENTATION_COMMENTS = YES;
				CLANG_WARN_EMPTY_BODY = YES;
				CLANG_WARN_ENUM_CONVERSION = YES;
				CLANG_WARN_INFINITE_RECURSION = YES;
				CLANG_WARN_INT_CONVERSION = YES;
				CLANG_WARN_NON_LITERAL_NULL_CONVERSION = YES;
				CLANG_WARN_OBJC_IMPLICIT_RETAIN_SELF = YES;
				CLANG_WARN_OBJC_LITERAL_CONVERSION = YES;
				CLANG_WARN_OBJC_ROOT_CLASS = YES_ERROR;
				CLANG_WARN_QUOTED_INCLUDE_IN_FRAMEWORK_HEADER = YES;
				CLANG_WARN_RANGE_LOOP_ANALYSIS = YES;
				CLANG_WARN_STRICT_PROTOTYPES = YES;
				CLANG_WARN_SUSPICIOUS_MOVE = YES;
				CLANG_WARN_UNGUARDED_AVAILABILITY = YES_AGGRESSIVE;
				CLANG_WARN_UNREACHABLE_CODE = YES;
				CLANG_WARN__DUPLICATE_METHOD_MATCH = YES;
				COPY_PHASE_STRIP = NO;
				DEBUG_INFORMATION_FORMAT = dwarf;
				ENABLE_STRICT_OBJC_MSGSEND = YES;
				ENABLE_TESTABILITY = YES;
				GCC_C_LANGUAGE_STANDARD = gnu11;
				GCC_DYNAMIC_NO_PIC = NO;
				GCC_NO_COMMON_BLOCKS = YES;
				GCC_OPTIMIZATION_LEVEL = 0;
				GCC_PREPROCESSOR_DEFINITIONS = (
					"DEBUG=1",
					"$(inherited)",
				);
				GCC_WARN_64_TO_32_BIT_CONVERSION = YES;
				GCC_WARN_ABOUT_RETURN_TYPE = YES_ERROR;
				GCC_WARN_UNDECLARED_SELECTOR = YES;
				GCC_WARN_UNINITIALIZED_AUTOS = YES_AGGRESSIVE;
				GCC_WARN_UNUSED_FUNCTION = YES;
				GCC_WARN_UNUSED_VARIABLE = YES;
				IPHONEOS_DEPLOYMENT_TARGET = 14.5;
				MTL_ENABLE_DEBUG_INFO = INCLUDE_SOURCE;
				MTL_FAST_MATH = YES;
				ONLY_ACTIVE_ARCH = YES;
				SDKROOT = iphoneos;
				SWIFT_ACTIVE_COMPILATION_CONDITIONS = DEBUG;
				SWIFT_OPTIMIZATION_LEVEL = "-Onone";
			};
			name = Debug;
		};
		52552AE026FA9B870003752A /* Release */ = {
			isa = XCBuildConfiguration;
			buildSettings = {
				ALWAYS_SEARCH_USER_PATHS = NO;
				CLANG_ANALYZER_NONNULL = YES;
				CLANG_ANALYZER_NUMBER_OBJECT_CONVERSION = YES_AGGRESSIVE;
				CLANG_CXX_LANGUAGE_STANDARD = "gnu++14";
				CLANG_CXX_LIBRARY = "libc++";
				CLANG_ENABLE_MODULES = YES;
				CLANG_ENABLE_OBJC_ARC = YES;
				CLANG_ENABLE_OBJC_WEAK = YES;
				CLANG_WARN_BLOCK_CAPTURE_AUTORELEASING = YES;
				CLANG_WARN_BOOL_CONVERSION = YES;
				CLANG_WARN_COMMA = YES;
				CLANG_WARN_CONSTANT_CONVERSION = YES;
				CLANG_WARN_DEPRECATED_OBJC_IMPLEMENTATIONS = YES;
				CLANG_WARN_DIRECT_OBJC_ISA_USAGE = YES_ERROR;
				CLANG_WARN_DOCUMENTATION_COMMENTS = YES;
				CLANG_WARN_EMPTY_BODY = YES;
				CLANG_WARN_ENUM_CONVERSION = YES;
				CLANG_WARN_INFINITE_RECURSION = YES;
				CLANG_WARN_INT_CONVERSION = YES;
				CLANG_WARN_NON_LITERAL_NULL_CONVERSION = YES;
				CLANG_WARN_OBJC_IMPLICIT_RETAIN_SELF = YES;
				CLANG_WARN_OBJC_LITERAL_CONVERSION = YES;
				CLANG_WARN_OBJC_ROOT_CLASS = YES_ERROR;
				CLANG_WARN_QUOTED_INCLUDE_IN_FRAMEWORK_HEADER = YES;
				CLANG_WARN_RANGE_LOOP_ANALYSIS = YES;
				CLANG_WARN_STRICT_PROTOTYPES = YES;
				CLANG_WARN_SUSPICIOUS_MOVE = YES;
				CLANG_WARN_UNGUARDED_AVAILABILITY = YES_AGGRESSIVE;
				CLANG_WARN_UNREACHABLE_CODE = YES;
				CLANG_WARN__DUPLICATE_METHOD_MATCH = YES;
				COPY_PHASE_STRIP = NO;
				DEBUG_INFORMATION_FORMAT = "dwarf-with-dsym";
				ENABLE_NS_ASSERTIONS = NO;
				ENABLE_STRICT_OBJC_MSGSEND = YES;
				GCC_C_LANGUAGE_STANDARD = gnu11;
				GCC_NO_COMMON_BLOCKS = YES;
				GCC_WARN_64_TO_32_BIT_CONVERSION = YES;
				GCC_WARN_ABOUT_RETURN_TYPE = YES_ERROR;
				GCC_WARN_UNDECLARED_SELECTOR = YES;
				GCC_WARN_UNINITIALIZED_AUTOS = YES_AGGRESSIVE;
				GCC_WARN_UNUSED_FUNCTION = YES;
				GCC_WARN_UNUSED_VARIABLE = YES;
				IPHONEOS_DEPLOYMENT_TARGET = 14.5;
				MTL_ENABLE_DEBUG_INFO = NO;
				MTL_FAST_MATH = YES;
				SDKROOT = iphoneos;
				SWIFT_COMPILATION_MODE = wholemodule;
				SWIFT_OPTIMIZATION_LEVEL = "-O";
				VALIDATE_PRODUCT = YES;
			};
			name = Release;
		};
		52552AE226FA9B870003752A /* Debug */ = {
			isa = XCBuildConfiguration;
			buildSettings = {
				ASSETCATALOG_COMPILER_APPICON_NAME = AppIcon;
				ASSETCATALOG_COMPILER_GLOBAL_ACCENT_COLOR_NAME = AccentColor;
				CODE_SIGN_STYLE = Automatic;
				INFOPLIST_FILE = LeezitLaunchScreen/Info.plist;
				LD_RUNPATH_SEARCH_PATHS = (
					"$(inherited)",
					"@executable_path/Frameworks",
				);
				PRODUCT_BUNDLE_IDENTIFIER = "muhammad-shakoor.LeezitLaunchScreen";
				PRODUCT_NAME = "$(TARGET_NAME)";
				SWIFT_VERSION = 5.0;
				TARGETED_DEVICE_FAMILY = "1,2";
			};
			name = Debug;
		};
		52552AE326FA9B870003752A /* Release */ = {
			isa = XCBuildConfiguration;
			buildSettings = {
				ASSETCATALOG_COMPILER_APPICON_NAME = AppIcon;
				ASSETCATALOG_COMPILER_GLOBAL_ACCENT_COLOR_NAME = AccentColor;
				CODE_SIGN_STYLE = Automatic;
				INFOPLIST_FILE = LeezitLaunchScreen/Info.plist;
				LD_RUNPATH_SEARCH_PATHS = (
					"$(inherited)",
					"@executable_path/Frameworks",
				);
				PRODUCT_BUNDLE_IDENTIFIER = "muhammad-shakoor.LeezitLaunchScreen";
				PRODUCT_NAME = "$(TARGET_NAME)";
				SWIFT_VERSION = 5.0;
				TARGETED_DEVICE_FAMILY = "1,2";
			};
			name = Release;
		};
/* End XCBuildConfiguration section */

/* Begin XCConfigurationList section */
		52552AC826FA9B840003752A /* Build configuration list for PBXProject "LeezitLaunchScreen" */ = {
			isa = XCConfigurationList;
			buildConfigurations = (
				52552ADF26FA9B870003752A /* Debug */,
				52552AE026FA9B870003752A /* Release */,
			);
			defaultConfigurationIsVisible = 0;
			defaultConfigurationName = Release;
		};
		52552AE126FA9B870003752A /* Build configuration list for PBXNativeTarget "LeezitLaunchScreen" */ = {
			isa = XCConfigurationList;
			buildConfigurations = (
				52552AE226FA9B870003752A /* Debug */,
				52552AE326FA9B870003752A /* Release */,
			);
			defaultConfigurationIsVisible = 0;
			defaultConfigurationName = Release;
		};
/* End XCConfigurationList section */
	};
	rootObject = 52552AC526FA9B840003752A /* Project object */;
}
